// !$*UTF8*$!
{
	archiveVersion = 1;
	classes = {
	};
	objectVersion = 50;
	objects = {

/* Begin PBXBuildFile section */
		25DD439D230C85260082AE1A /* AppDelegate.m in Sources */ = {isa = PBXBuildFile; fileRef = 25DD439C230C85260082AE1A /* AppDelegate.m */; };
		25DD43A3230C85260082AE1A /* Main.storyboard in Resources */ = {isa = PBXBuildFile; fileRef = 25DD43A1230C85260082AE1A /* Main.storyboard */; };
		25DD43A5230C85270082AE1A /* Assets.xcassets in Resources */ = {isa = PBXBuildFile; fileRef = 25DD43A4230C85270082AE1A /* Assets.xcassets */; };
		25DD43A8230C85270082AE1A /* LaunchScreen.storyboard in Resources */ = {isa = PBXBuildFile; fileRef = 25DD43A6230C85270082AE1A /* LaunchScreen.storyboard */; };
		25DD43AB230C85270082AE1A /* main.m in Sources */ = {isa = PBXBuildFile; fileRef = 25DD43AA230C85270082AE1A /* main.m */; };
		25DD43B7230C88170082AE1A /* IMHCard.m in Sources */ = {isa = PBXBuildFile; fileRef = 25DD43B6230C88170082AE1A /* IMHCard.m */; };
		25DD43BA230C92270082AE1A /* IMHCardController.m in Sources */ = {isa = PBXBuildFile; fileRef = 25DD43B9230C92270082AE1A /* IMHCardController.m */; };
		25DD43BD230CA9AF0082AE1A /* CardViewController.swift in Sources */ = {isa = PBXBuildFile; fileRef = 25DD43BC230CA9AF0082AE1A /* CardViewController.swift */; };
/* End PBXBuildFile section */

/* Begin PBXFileReference section */
		25DD4398230C85260082AE1A /* objCdrawOneCard.app */ = {isa = PBXFileReference; explicitFileType = wrapper.application; includeInIndex = 0; path = objCdrawOneCard.app; sourceTree = BUILT_PRODUCTS_DIR; };
		25DD439B230C85260082AE1A /* AppDelegate.h */ = {isa = PBXFileReference; lastKnownFileType = sourcecode.c.h; path = AppDelegate.h; sourceTree = "<group>"; };
		25DD439C230C85260082AE1A /* AppDelegate.m */ = {isa = PBXFileReference; lastKnownFileType = sourcecode.c.objc; path = AppDelegate.m; sourceTree = "<group>"; };
		25DD43A2230C85260082AE1A /* Base */ = {isa = PBXFileReference; lastKnownFileType = file.storyboard; name = Base; path = Base.lproj/Main.storyboard; sourceTree = "<group>"; };
		25DD43A4230C85270082AE1A /* Assets.xcassets */ = {isa = PBXFileReference; lastKnownFileType = folder.assetcatalog; path = Assets.xcassets; sourceTree = "<group>"; };
		25DD43A7230C85270082AE1A /* Base */ = {isa = PBXFileReference; lastKnownFileType = file.storyboard; name = Base; path = Base.lproj/LaunchScreen.storyboard; sourceTree = "<group>"; };
		25DD43A9230C85270082AE1A /* Info.plist */ = {isa = PBXFileReference; lastKnownFileType = text.plist.xml; path = Info.plist; sourceTree = "<group>"; };
		25DD43AA230C85270082AE1A /* main.m */ = {isa = PBXFileReference; lastKnownFileType = sourcecode.c.objc; path = main.m; sourceTree = "<group>"; };
		25DD43B5230C88170082AE1A /* IMHCard.h */ = {isa = PBXFileReference; lastKnownFileType = sourcecode.c.h; path = IMHCard.h; sourceTree = "<group>"; };
		25DD43B6230C88170082AE1A /* IMHCard.m */ = {isa = PBXFileReference; lastKnownFileType = sourcecode.c.objc; path = IMHCard.m; sourceTree = "<group>"; };
		25DD43B8230C92270082AE1A /* IMHCardController.h */ = {isa = PBXFileReference; lastKnownFileType = sourcecode.c.h; path = IMHCardController.h; sourceTree = "<group>"; };
		25DD43B9230C92270082AE1A /* IMHCardController.m */ = {isa = PBXFileReference; lastKnownFileType = sourcecode.c.objc; path = IMHCardController.m; sourceTree = "<group>"; };
		25DD43BB230CA9AE0082AE1A /* objCdrawOneCard-Bridging-Header.h */ = {isa = PBXFileReference; lastKnownFileType = sourcecode.c.h; path = "objCdrawOneCard-Bridging-Header.h"; sourceTree = "<group>"; };
		25DD43BC230CA9AF0082AE1A /* CardViewController.swift */ = {isa = PBXFileReference; lastKnownFileType = sourcecode.swift; path = CardViewController.swift; sourceTree = "<group>"; };
/* End PBXFileReference section */

/* Begin PBXFrameworksBuildPhase section */
		25DD4395230C85260082AE1A /* Frameworks */ = {
			isa = PBXFrameworksBuildPhase;
			buildActionMask = 2147483647;
			files = (
			);
			runOnlyForDeploymentPostprocessing = 0;
		};
/* End PBXFrameworksBuildPhase section */

/* Begin PBXGroup section */
		25DD438F230C85260082AE1A = {
			isa = PBXGroup;
			children = (
				25DD439A230C85260082AE1A /* objCdrawOneCard */,
				25DD4399230C85260082AE1A /* Products */,
			);
			sourceTree = "<group>";
		};
		25DD4399230C85260082AE1A /* Products */ = {
			isa = PBXGroup;
			children = (
				25DD4398230C85260082AE1A /* objCdrawOneCard.app */,
			);
			name = Products;
			sourceTree = "<group>";
		};
		25DD439A230C85260082AE1A /* objCdrawOneCard */ = {
			isa = PBXGroup;
			children = (
				25DD43A1230C85260082AE1A /* Main.storyboard */,
				25DD43B4230C85570082AE1A /* Models */,
				25DD43B2230C85500082AE1A /* Controllers */,
				25DD43B3230C85520082AE1A /* Views */,
				25DD43B1230C85420082AE1A /* Resources */,
				25DD43AA230C85270082AE1A /* main.m */,
			);
			path = objCdrawOneCard;
			sourceTree = "<group>";
		};
		25DD43B1230C85420082AE1A /* Resources */ = {
			isa = PBXGroup;
			children = (
				25DD439B230C85260082AE1A /* AppDelegate.h */,
				25DD439C230C85260082AE1A /* AppDelegate.m */,
				25DD43A4230C85270082AE1A /* Assets.xcassets */,
				25DD43A6230C85270082AE1A /* LaunchScreen.storyboard */,
				25DD43A9230C85270082AE1A /* Info.plist */,
			);
			path = Resources;
			sourceTree = "<group>";
		};
		25DD43B2230C85500082AE1A /* Controllers */ = {
			isa = PBXGroup;
			children = (
				25DD43B8230C92270082AE1A /* IMHCardController.h */,
				25DD43B9230C92270082AE1A /* IMHCardController.m */,
			);
			path = Controllers;
			sourceTree = "<group>";
		};
		25DD43B3230C85520082AE1A /* Views */ = {
			isa = PBXGroup;
			children = (
				25DD43BC230CA9AF0082AE1A /* CardViewController.swift */,
				25DD43BB230CA9AE0082AE1A /* objCdrawOneCard-Bridging-Header.h */,
			);
			path = Views;
			sourceTree = "<group>";
		};
		25DD43B4230C85570082AE1A /* Models */ = {
			isa = PBXGroup;
			children = (
				25DD43B5230C88170082AE1A /* IMHCard.h */,
				25DD43B6230C88170082AE1A /* IMHCard.m */,
			);
			path = Models;
			sourceTree = "<group>";
		};
/* End PBXGroup section */

/* Begin PBXNativeTarget section */
		25DD4397230C85260082AE1A /* objCdrawOneCard */ = {
			isa = PBXNativeTarget;
			buildConfigurationList = 25DD43AE230C85270082AE1A /* Build configuration list for PBXNativeTarget "objCdrawOneCard" */;
			buildPhases = (
				25DD4394230C85260082AE1A /* Sources */,
				25DD4395230C85260082AE1A /* Frameworks */,
				25DD4396230C85260082AE1A /* Resources */,
			);
			buildRules = (
			);
			dependencies = (
			);
			name = objCdrawOneCard;
			productName = objCdrawOneCard;
			productReference = 25DD4398230C85260082AE1A /* objCdrawOneCard.app */;
			productType = "com.apple.product-type.application";
		};
/* End PBXNativeTarget section */

/* Begin PBXProject section */
		25DD4390230C85260082AE1A /* Project object */ = {
			isa = PBXProject;
			attributes = {
				LastUpgradeCheck = 1030;
				ORGANIZATIONNAME = "Ian Hall";
				TargetAttributes = {
					25DD4397230C85260082AE1A = {
						CreatedOnToolsVersion = 10.3;
						LastSwiftMigration = 1030;
					};
				};
			};
			buildConfigurationList = 25DD4393230C85260082AE1A /* Build configuration list for PBXProject "objCdrawOneCard" */;
			compatibilityVersion = "Xcode 9.3";
			developmentRegion = en;
			hasScannedForEncodings = 0;
			knownRegions = (
				en,
				Base,
			);
			mainGroup = 25DD438F230C85260082AE1A;
			productRefGroup = 25DD4399230C85260082AE1A /* Products */;
			projectDirPath = "";
			projectRoot = "";
			targets = (
				25DD4397230C85260082AE1A /* objCdrawOneCard */,
			);
		};
/* End PBXProject section */

/* Begin PBXResourcesBuildPhase section */
		25DD4396230C85260082AE1A /* Resources */ = {
			isa = PBXResourcesBuildPhase;
			buildActionMask = 2147483647;
			files = (
				25DD43A8230C85270082AE1A /* LaunchScreen.storyboard in Resources */,
				25DD43A5230C85270082AE1A /* Assets.xcassets in Resources */,
				25DD43A3230C85260082AE1A /* Main.storyboard in Resources */,
			);
			runOnlyForDeploymentPostprocessing = 0;
		};
/* End PBXResourcesBuildPhase section */

/* Begin PBXSourcesBuildPhase section */
		25DD4394230C85260082AE1A /* Sources */ = {
			isa = PBXSourcesBuildPhase;
			buildActionMask = 2147483647;
			files = (
				25DD43AB230C85270082AE1A /* main.m in Sources */,
				25DD43B7230C88170082AE1A /* IMHCard.m in Sources */,
				25DD43BA230C92270082AE1A /* IMHCardController.m in Sources */,
				25DD43BD230CA9AF0082AE1A /* CardViewController.swift in Sources */,
				25DD439D230C85260082AE1A /* AppDelegate.m in Sources */,
			);
			runOnlyForDeploymentPostprocessing = 0;
		};
/* End PBXSourcesBuildPhase section */

/* Begin PBXVariantGroup section */
		25DD43A1230C85260082AE1A /* Main.storyboard */ = {
			isa = PBXVariantGroup;
			children = (
				25DD43A2230C85260082AE1A /* Base */,
			);
			name = Main.storyboard;
			sourceTree = "<group>";
		};
		25DD43A6230C85270082AE1A /* LaunchScreen.storyboard */ = {
			isa = PBXVariantGroup;
			children = (
				25DD43A7230C85270082AE1A /* Base */,
			);
			name = LaunchScreen.storyboard;
			sourceTree = "<group>";
		};
/* End PBXVariantGroup section */

/* Begin XCBuildConfiguration section */
		25DD43AC230C85270082AE1A /* Debug */ = {
			isa = XCBuildConfiguration;
			buildSettings = {
				ALWAYS_SEARCH_USER_PATHS = NO;
				CLANG_ANALYZER_NONNULL = YES;
				CLANG_ANALYZER_NUMBER_OBJECT_CONVERSION = YES_AGGRESSIVE;
				CLANG_CXX_LANGUAGE_STANDARD = "gnu++14";
				CLANG_CXX_LIBRARY = "libc++";
				CLANG_ENABLE_MODULES = YES;
				CLANG_ENABLE_OBJC_ARC = YES;
				CLANG_ENABLE_OBJC_WEAK = YES;
				CLANG_WARN_BLOCK_CAPTURE_AUTORELEASING = YES;
				CLANG_WARN_BOOL_CONVERSION = YES;
				CLANG_WARN_COMMA = YES;
				CLANG_WARN_CONSTANT_CONVERSION = YES;
				CLANG_WARN_DEPRECATED_OBJC_IMPLEMENTATIONS = YES;
				CLANG_WARN_DIRECT_OBJC_ISA_USAGE = YES_ERROR;
				CLANG_WARN_DOCUMENTATION_COMMENTS = YES;
				CLANG_WARN_EMPTY_BODY = YES;
				CLANG_WARN_ENUM_CONVERSION = YES;
				CLANG_WARN_INFINITE_RECURSION = YES;
				CLANG_WARN_INT_CONVERSION = YES;
				CLANG_WARN_NON_LITERAL_NULL_CONVERSION = YES;
				CLANG_WARN_OBJC_IMPLICIT_RETAIN_SELF = YES;
				CLANG_WARN_OBJC_LITERAL_CONVERSION = YES;
				CLANG_WARN_OBJC_ROOT_CLASS = YES_ERROR;
				CLANG_WARN_RANGE_LOOP_ANALYSIS = YES;
				CLANG_WARN_STRICT_PROTOTYPES = YES;
				CLANG_WARN_SUSPICIOUS_MOVE = YES;
				CLANG_WARN_UNGUARDED_AVAILABILITY = YES_AGGRESSIVE;
				CLANG_WARN_UNREACHABLE_CODE = YES;
				CLANG_WARN__DUPLICATE_METHOD_MATCH = YES;
				CODE_SIGN_IDENTITY = "iPhone Developer";
				COPY_PHASE_STRIP = NO;
				DEBUG_INFORMATION_FORMAT = dwarf;
				ENABLE_STRICT_OBJC_MSGSEND = YES;
				ENABLE_TESTABILITY = YES;
				GCC_C_LANGUAGE_STANDARD = gnu11;
				GCC_DYNAMIC_NO_PIC = NO;
				GCC_NO_COMMON_BLOCKS = YES;
				GCC_OPTIMIZATION_LEVEL = 0;
				GCC_PREPROCESSOR_DEFINITIONS = (
					"DEBUG=1",
					"$(inherited)",
				);
				GCC_WARN_64_TO_32_BIT_CONVERSION = YES;
				GCC_WARN_ABOUT_RETURN_TYPE = YES_ERROR;
				GCC_WARN_UNDECLARED_SELECTOR = YES;
				GCC_WARN_UNINITIALIZED_AUTOS = YES_AGGRESSIVE;
				GCC_WARN_UNUSED_FUNCTION = YES;
				GCC_WARN_UNUSED_VARIABLE = YES;
				IPHONEOS_DEPLOYMENT_TARGET = 12.4;
				MTL_ENABLE_DEBUG_INFO = INCLUDE_SOURCE;
				MTL_FAST_MATH = YES;
				ONLY_ACTIVE_ARCH = YES;
				SDKROOT = iphoneos;
			};
			name = Debug;
		};
		25DD43AD230C85270082AE1A /* Release */ = {
			isa = XCBuildConfiguration;
			buildSettings = {
				ALWAYS_SEARCH_USER_PATHS = NO;
				CLANG_ANALYZER_NONNULL = YES;
				CLANG_ANALYZER_NUMBER_OBJECT_CONVERSION = YES_AGGRESSIVE;
				CLANG_CXX_LANGUAGE_STANDARD = "gnu++14";
				CLANG_CXX_LIBRARY = "libc++";
				CLANG_ENABLE_MODULES = YES;
				CLANG_ENABLE_OBJC_ARC = YES;
				CLANG_ENABLE_OBJC_WEAK = YES;
				CLANG_WARN_BLOCK_CAPTURE_AUTORELEASING = YES;
				CLANG_WARN_BOOL_CONVERSION = YES;
				CLANG_WARN_COMMA = YES;
				CLANG_WARN_CONSTANT_CONVERSION = YES;
				CLANG_WARN_DEPRECATED_OBJC_IMPLEMENTATIONS = YES;
				CLANG_WARN_DIRECT_OBJC_ISA_USAGE = YES_ERROR;
				CLANG_WARN_DOCUMENTATION_COMMENTS = YES;
				CLANG_WARN_EMPTY_BODY = YES;
				CLANG_WARN_ENUM_CONVERSION = YES;
				CLANG_WARN_INFINITE_RECURSION = YES;
				CLANG_WARN_INT_CONVERSION = YES;
				CLANG_WARN_NON_LITERAL_NULL_CONVERSION = YES;
				CLANG_WARN_OBJC_IMPLICIT_RETAIN_SELF = YES;
				CLANG_WARN_OBJC_LITERAL_CONVERSION = YES;
				CLANG_WARN_OBJC_ROOT_CLASS = YES_ERROR;
				CLANG_WARN_RANGE_LOOP_ANALYSIS = YES;
				CLANG_WARN_STRICT_PROTOTYPES = YES;
				CLANG_WARN_SUSPICIOUS_MOVE = YES;
				CLANG_WARN_UNGUARDED_AVAILABILITY = YES_AGGRESSIVE;
				CLANG_WARN_UNREACHABLE_CODE = YES;
				CLANG_WARN__DUPLICATE_METHOD_MATCH = YES;
				CODE_SIGN_IDENTITY = "iPhone Developer";
				COPY_PHASE_STRIP = NO;
				DEBUG_INFORMATION_FORMAT = "dwarf-with-dsym";
				ENABLE_NS_ASSERTIONS = NO;
				ENABLE_STRICT_OBJC_MSGSEND = YES;
				GCC_C_LANGUAGE_STANDARD = gnu11;
				GCC_NO_COMMON_BLOCKS = YES;
				GCC_WARN_64_TO_32_BIT_CONVERSION = YES;
				GCC_WARN_ABOUT_RETURN_TYPE = YES_ERROR;
				GCC_WARN_UNDECLARED_SELECTOR = YES;
				GCC_WARN_UNINITIALIZED_AUTOS = YES_AGGRESSIVE;
				GCC_WARN_UNUSED_FUNCTION = YES;
				GCC_WARN_UNUSED_VARIABLE = YES;
				IPHONEOS_DEPLOYMENT_TARGET = 12.4;
				MTL_ENABLE_DEBUG_INFO = NO;
				MTL_FAST_MATH = YES;
				SDKROOT = iphoneos;
				VALIDATE_PRODUCT = YES;
			};
			name = Release;
		};
		25DD43AF230C85270082AE1A /* Debug */ = {
			isa = XCBuildConfiguration;
			buildSettings = {
				ASSETCATALOG_COMPILER_APPICON_NAME = AppIcon;
				CLANG_ENABLE_MODULES = YES;
				CODE_SIGN_STYLE = Automatic;
				DEVELOPMENT_TEAM = 38AN8KZ7HW;
				INFOPLIST_FILE = "$(SRCROOT)/objCdrawOneCard/Resources/Info.plist";
				LD_RUNPATH_SEARCH_PATHS = (
					"$(inherited)",
					"@executable_path/Frameworks",
				);
				PRODUCT_BUNDLE_IDENTIFIER = com.IanH411.objCdrawOneCard;
				PRODUCT_NAME = "$(TARGET_NAME)";
				SWIFT_OBJC_BRIDGING_HEADER = "objCdrawOneCard/Views/objCdrawOneCard-Bridging-Header.h";
				SWIFT_OPTIMIZATION_LEVEL = "-Onone";
				SWIFT_VERSION = 5.0;
				TARGETED_DEVICE_FAMILY = "1,2";
			};
			name = Debug;
		};
		25DD43B0230C85270082AE1A /* Release */ = {
			isa = XCBuildConfiguration;
			buildSettings = {
				ASSETCATALOG_COMPILER_APPICON_NAME = AppIcon;
				CLANG_ENABLE_MODULES = YES;
				CODE_SIGN_STYLE = Automatic;
				DEVELOPMENT_TEAM = 38AN8KZ7HW;
				INFOPLIST_FILE = "$(SRCROOT)/objCdrawOneCard/Resources/Info.plist";
				LD_RUNPATH_SEARCH_PATHS = (
					"$(inherited)",
					"@executable_path/Frameworks",
				);
				PRODUCT_BUNDLE_IDENTIFIER = com.IanH411.objCdrawOneCard;
				PRODUCT_NAME = "$(TARGET_NAME)";
				SWIFT_OBJC_BRIDGING_HEADER = "objCdrawOneCard/Views/objCdrawOneCard-Bridging-Header.h";
				SWIFT_VERSION = 5.0;
				TARGETED_DEVICE_FAMILY = "1,2";
			};
			name = Release;
		};
/* End XCBuildConfiguration section */

/* Begin XCConfigurationList section */
		25DD4393230C85260082AE1A /* Build configuration list for PBXProject "objCdrawOneCard" */ = {
			isa = XCConfigurationList;
			buildConfigurations = (
				25DD43AC230C85270082AE1A /* Debug */,
				25DD43AD230C85270082AE1A /* Release */,
			);
			defaultConfigurationIsVisible = 0;
			defaultConfigurationName = Release;
		};
		25DD43AE230C85270082AE1A /* Build configuration list for PBXNativeTarget "objCdrawOneCard" */ = {
			isa = XCConfigurationList;
			buildConfigurations = (
				25DD43AF230C85270082AE1A /* Debug */,
				25DD43B0230C85270082AE1A /* Release */,
			);
			defaultConfigurationIsVisible = 0;
			defaultConfigurationName = Release;
		};
/* End XCConfigurationList section */
	};
	rootObject = 25DD4390230C85260082AE1A /* Project object */;
}
